
Microsoft Visual Studio Solution File, Format Version 12.00
# Visual Studio Version 17
VisualStudioVersion = 17.2.32519.379
MinimumVisualStudioVersion = 10.0.40219.1
Project("{FAE04EC0-301F-11D3-BF4B-00C04F79EFBC}") = "IdentityServer.AuthServerProject", "IdentityServer.AuthServerProject\IdentityServer.AuthServerProject.csproj", "{11AD067A-D015-48A0-83AE-420AE5FF4FEE}"
EndProject
Global
	GlobalSection(SolutionConfigurationPlatforms) = preSolution
		Debug|Any CPU = Debug|Any CPU
		Release|Any CPU = Release|Any CPU
	EndGlobalSection
	GlobalSection(ProjectConfigurationPlatforms) = postSolution
		{11AD067A-D015-48A0-83AE-420AE5FF4FEE}.Debug|Any CPU.ActiveCfg = Debug|Any CPU
		{11AD067A-D015-48A0-83AE-420AE5FF4FEE}.Debug|Any CPU.Build.0 = Debug|Any CPU
		{11AD067A-D015-48A0-83AE-420AE5FF4FEE}.Release|Any CPU.ActiveCfg = Release|Any CPU
		{11AD067A-D015-48A0-83AE-420AE5FF4FEE}.Release|Any CPU.Build.0 = Release|Any CPU
	EndGlobalSection
	GlobalSection(SolutionProperties) = preSolution
		HideSolutionNode = FALSE
	EndGlobalSection
	GlobalSection(ExtensibilityGlobals) = postSolution
		SolutionGuid = {7DDEEC7A-82D8-4E22-8F3E-8411B7D0DB8F}
	EndGlobalSection
EndGlobal
